PODS:
  - BPBleOTA (0.6.4):
    - iOSDFULibrary (~> 4.13.0)
    - iOSMcuManagerLibrary (~> 1.3.3)
  - BPenPlusSDK (2.2.1):
    - BPBleOTA (~> 0.6.4)
  - iOSDFULibrary (4.13.0):
    - ZIPFoundation (= 0.9.11)
  - iOSMcuManagerLibrary (1.3.3):
    - SwiftCBOR (= 0.4.4)
  - MBProgressHUD (1.2.0)
  - SwiftCBOR (0.4.4)
  - ZIPFoundation (0.9.11)

DEPENDENCIES:
  - BPenPlusSDK
  - MBProgressHUD

SPEC REPOS:
  trunk:
    - BPBleOTA
    - BPenPlusSDK
    - iOSDFULibrary
    - iOSMcuManagerLibrary
    - MBProgressHUD
    - SwiftCBOR
    - ZIPFoundation

SPEC CHECKSUMS:
  BPBleOTA: d041836bba4fea200f1fe79c80a47ff4475c0df7
  BPenPlusSDK: 2f76d0f73f66ed25286ab1642a8199aa80bda18e
  iOSDFULibrary: 3b9de67ed4bfb901b5f09c2fea843f65e152612d
  iOSMcuManagerLibrary: 4592341e0ec26a4346c0837de375d1a28a60df9a
  MBProgressHUD: 3ee5efcc380f6a79a7cc9b363dd669c5e1ae7406
  SwiftCBOR: ce5354ec8b660da2d6fc754462881119dbe1f963
  ZIPFoundation: b1f0de4eed33e74a676f76e12559ab6b75990197

PODFILE CHECKSUM: 158845d5a8b4df06143bde5f1fc2d4b692d88e16

COCOAPODS: 1.13.0
